// !$*UTF8*$!
{
	archiveVersion = 1;
	classes = {
	};
	objectVersion = 56;
	objects = {

/* Begin PBXBuildFile section */
		ABF7BA562AB97D6F0004626D /* NetworkCervice.docc in Sources */ = {isa = PBXBuildFile; fileRef = ABF7BA552AB97D6F0004626D /* NetworkCervice.docc */; };
		ABF7BA5C2AB97D6F0004626D /* NetworkCervice.framework in Frameworks */ = {isa = PBXBuildFile; fileRef = ABF7BA512AB97D6F0004626D /* NetworkCervice.framework */; };
		ABF7BA612AB97D6F0004626D /* NetworkCerviceTests.swift in Sources */ = {isa = PBXBuildFile; fileRef = ABF7BA602AB97D6F0004626D /* NetworkCerviceTests.swift */; };
		ABF7BA622AB97D6F0004626D /* NetworkCervice.h in Headers */ = {isa = PBXBuildFile; fileRef = ABF7BA542AB97D6F0004626D /* NetworkCervice.h */; settings = {ATTRIBUTES = (Public, ); }; };
/* End PBXBuildFile section */

/* Begin PBXContainerItemProxy section */
		ABF7BA5D2AB97D6F0004626D /* PBXContainerItemProxy */ = {
			isa = PBXContainerItemProxy;
			containerPortal = ABF7BA482AB97D6F0004626D /* Project object */;
			proxyType = 1;
			remoteGlobalIDString = ABF7BA502AB97D6F0004626D;
			remoteInfo = NetworkCervice;
		};
/* End PBXContainerItemProxy section */

/* Begin PBXFileReference section */
		ABF7BA512AB97D6F0004626D /* NetworkCervice.framework */ = {isa = PBXFileReference; explicitFileType = wrapper.framework; includeInIndex = 0; path = NetworkCervice.framework; sourceTree = BUILT_PRODUCTS_DIR; };
		ABF7BA542AB97D6F0004626D /* NetworkCervice.h */ = {isa = PBXFileReference; lastKnownFileType = sourcecode.c.h; path = NetworkCervice.h; sourceTree = "<group>"; };
		ABF7BA552AB97D6F0004626D /* NetworkCervice.docc */ = {isa = PBXFileReference; lastKnownFileType = folder.documentationcatalog; path = NetworkCervice.docc; sourceTree = "<group>"; };
		ABF7BA5B2AB97D6F0004626D /* NetworkCerviceTests.xctest */ = {isa = PBXFileReference; explicitFileType = wrapper.cfbundle; includeInIndex = 0; path = NetworkCerviceTests.xctest; sourceTree = BUILT_PRODUCTS_DIR; };
		ABF7BA602AB97D6F0004626D /* NetworkCerviceTests.swift */ = {isa = PBXFileReference; lastKnownFileType = sourcecode.swift; path = NetworkCerviceTests.swift; sourceTree = "<group>"; };
/* End PBXFileReference section */

/* Begin PBXFrameworksBuildPhase section */
		ABF7BA4E2AB97D6F0004626D /* Frameworks */ = {
			isa = PBXFrameworksBuildPhase;
			buildActionMask = 2147483647;
			files = (
			);
			runOnlyForDeploymentPostprocessing = 0;
		};
		ABF7BA582AB97D6F0004626D /* Frameworks */ = {
			isa = PBXFrameworksBuildPhase;
			buildActionMask = 2147483647;
			files = (
				ABF7BA5C2AB97D6F0004626D /* NetworkCervice.framework in Frameworks */,
			);
			runOnlyForDeploymentPostprocessing = 0;
		};
/* End PBXFrameworksBuildPhase section */

/* Begin PBXGroup section */
		ABF7BA472AB97D6F0004626D = {
			isa = PBXGroup;
			children = (
				ABF7BA532AB97D6F0004626D /* NetworkCervice */,
				ABF7BA5F2AB97D6F0004626D /* NetworkCerviceTests */,
				ABF7BA522AB97D6F0004626D /* Products */,
			);
			sourceTree = "<group>";
		};
		ABF7BA522AB97D6F0004626D /* Products */ = {
			isa = PBXGroup;
			children = (
				ABF7BA512AB97D6F0004626D /* NetworkCervice.framework */,
				ABF7BA5B2AB97D6F0004626D /* NetworkCerviceTests.xctest */,
			);
			name = Products;
			sourceTree = "<group>";
		};
		ABF7BA532AB97D6F0004626D /* NetworkCervice */ = {
			isa = PBXGroup;
			children = (
				ABF7BA542AB97D6F0004626D /* NetworkCervice.h */,
				ABF7BA552AB97D6F0004626D /* NetworkCervice.docc */,
			);
			path = NetworkCervice;
			sourceTree = "<group>";
		};
		ABF7BA5F2AB97D6F0004626D /* NetworkCerviceTests */ = {
			isa = PBXGroup;
			children = (
				ABF7BA602AB97D6F0004626D /* NetworkCerviceTests.swift */,
			);
			path = NetworkCerviceTests;
			sourceTree = "<group>";
		};
/* End PBXGroup section */

/* Begin PBXHeadersBuildPhase section */
		ABF7BA4C2AB97D6F0004626D /* Headers */ = {
			isa = PBXHeadersBuildPhase;
			buildActionMask = 2147483647;
			files = (
				ABF7BA622AB97D6F0004626D /* NetworkCervice.h in Headers */,
			);
			runOnlyForDeploymentPostprocessing = 0;
		};
/* End PBXHeadersBuildPhase section */

/* Begin PBXNativeTarget section */
		ABF7BA502AB97D6F0004626D /* NetworkCervice */ = {
			isa = PBXNativeTarget;
			buildConfigurationList = ABF7BA652AB97D6F0004626D /* Build configuration list for PBXNativeTarget "NetworkCervice" */;
			buildPhases = (
				ABF7BA4C2AB97D6F0004626D /* Headers */,
				ABF7BA4D2AB97D6F0004626D /* Sources */,
				ABF7BA4E2AB97D6F0004626D /* Frameworks */,
				ABF7BA4F2AB97D6F0004626D /* Resources */,
			);
			buildRules = (
			);
			dependencies = (
			);
			name = NetworkCervice;
			productName = NetworkCervice;
			productReference = ABF7BA512AB97D6F0004626D /* NetworkCervice.framework */;
			productType = "com.apple.product-type.framework";
		};
		ABF7BA5A2AB97D6F0004626D /* NetworkCerviceTests */ = {
			isa = PBXNativeTarget;
			buildConfigurationList = ABF7BA682AB97D6F0004626D /* Build configuration list for PBXNativeTarget "NetworkCerviceTests" */;
			buildPhases = (
				ABF7BA572AB97D6F0004626D /* Sources */,
				ABF7BA582AB97D6F0004626D /* Frameworks */,
				ABF7BA592AB97D6F0004626D /* Resources */,
			);
			buildRules = (
			);
			dependencies = (
				ABF7BA5E2AB97D6F0004626D /* PBXTargetDependency */,
			);
			name = NetworkCerviceTests;
			productName = NetworkCerviceTests;
			productReference = ABF7BA5B2AB97D6F0004626D /* NetworkCerviceTests.xctest */;
			productType = "com.apple.product-type.bundle.unit-test";
		};
/* End PBXNativeTarget section */

/* Begin PBXProject section */
		ABF7BA482AB97D6F0004626D /* Project object */ = {
			isa = PBXProject;
			attributes = {
				BuildIndependentTargetsInParallel = 1;
				LastSwiftUpdateCheck = 1430;
				LastUpgradeCheck = 1430;
				TargetAttributes = {
					ABF7BA502AB97D6F0004626D = {
						CreatedOnToolsVersion = 14.3.1;
					};
					ABF7BA5A2AB97D6F0004626D = {
						CreatedOnToolsVersion = 14.3.1;
					};
				};
			};
			buildConfigurationList = ABF7BA4B2AB97D6F0004626D /* Build configuration list for PBXProject "NetworkCervice" */;
			compatibilityVersion = "Xcode 14.0";
			developmentRegion = en;
			hasScannedForEncodings = 0;
			knownRegions = (
				en,
				Base,
			);
			mainGroup = ABF7BA472AB97D6F0004626D;
			productRefGroup = ABF7BA522AB97D6F0004626D /* Products */;
			projectDirPath = "";
			projectRoot = "";
			targets = (
				ABF7BA502AB97D6F0004626D /* NetworkCervice */,
				ABF7BA5A2AB97D6F0004626D /* NetworkCerviceTests */,
			);
		};
/* End PBXProject section */

/* Begin PBXResourcesBuildPhase section */
		ABF7BA4F2AB97D6F0004626D /* Resources */ = {
			isa = PBXResourcesBuildPhase;
			buildActionMask = 2147483647;
			files = (
			);
			runOnlyForDeploymentPostprocessing = 0;
		};
		ABF7BA592AB97D6F0004626D /* Resources */ = {
			isa = PBXResourcesBuildPhase;
			buildActionMask = 2147483647;
			files = (
			);
			runOnlyForDeploymentPostprocessing = 0;
		};
/* End PBXResourcesBuildPhase section */

/* Begin PBXSourcesBuildPhase section */
		ABF7BA4D2AB97D6F0004626D /* Sources */ = {
			isa = PBXSourcesBuildPhase;
			buildActionMask = 2147483647;
			files = (
				ABF7BA562AB97D6F0004626D /* NetworkCervice.docc in Sources */,
			);
			runOnlyForDeploymentPostprocessing = 0;
		};
		ABF7BA572AB97D6F0004626D /* Sources */ = {
			isa = PBXSourcesBuildPhase;
			buildActionMask = 2147483647;
			files = (
				ABF7BA612AB97D6F0004626D /* NetworkCerviceTests.swift in Sources */,
			);
			runOnlyForDeploymentPostprocessing = 0;
		};
/* End PBXSourcesBuildPhase section */

/* Begin PBXTargetDependency section */
		ABF7BA5E2AB97D6F0004626D /* PBXTargetDependency */ = {
			isa = PBXTargetDependency;
			target = ABF7BA502AB97D6F0004626D /* NetworkCervice */;
			targetProxy = ABF7BA5D2AB97D6F0004626D /* PBXContainerItemProxy */;
		};
/* End PBXTargetDependency section */

/* Begin XCBuildConfiguration section */
		ABF7BA632AB97D6F0004626D /* Debug */ = {
			isa = XCBuildConfiguration;
			buildSettings = {
				ALWAYS_SEARCH_USER_PATHS = NO;
				CLANG_ANALYZER_NONNULL = YES;
				CLANG_ANALYZER_NUMBER_OBJECT_CONVERSION = YES_AGGRESSIVE;
				CLANG_CXX_LANGUAGE_STANDARD = "gnu++20";
				CLANG_ENABLE_MODULES = YES;
				CLANG_ENABLE_OBJC_ARC = YES;
				CLANG_ENABLE_OBJC_WEAK = YES;
				CLANG_WARN_BLOCK_CAPTURE_AUTORELEASING = YES;
				CLANG_WARN_BOOL_CONVERSION = YES;
				CLANG_WARN_COMMA = YES;
				CLANG_WARN_CONSTANT_CONVERSION = YES;
				CLANG_WARN_DEPRECATED_OBJC_IMPLEMENTATIONS = YES;
				CLANG_WARN_DIRECT_OBJC_ISA_USAGE = YES_ERROR;
				CLANG_WARN_DOCUMENTATION_COMMENTS = YES;
				CLANG_WARN_EMPTY_BODY = YES;
				CLANG_WARN_ENUM_CONVERSION = YES;
				CLANG_WARN_INFINITE_RECURSION = YES;
				CLANG_WARN_INT_CONVERSION = YES;
				CLANG_WARN_NON_LITERAL_NULL_CONVERSION = YES;
				CLANG_WARN_OBJC_IMPLICIT_RETAIN_SELF = YES;
				CLANG_WARN_OBJC_LITERAL_CONVERSION = YES;
				CLANG_WARN_OBJC_ROOT_CLASS = YES_ERROR;
				CLANG_WARN_QUOTED_INCLUDE_IN_FRAMEWORK_HEADER = YES;
				CLANG_WARN_RANGE_LOOP_ANALYSIS = YES;
				CLANG_WARN_STRICT_PROTOTYPES = YES;
				CLANG_WARN_SUSPICIOUS_MOVE = YES;
				CLANG_WARN_UNGUARDED_AVAILABILITY = YES_AGGRESSIVE;
				CLANG_WARN_UNREACHABLE_CODE = YES;
				CLANG_WARN__DUPLICATE_METHOD_MATCH = YES;
				COPY_PHASE_STRIP = NO;
				CURRENT_PROJECT_VERSION = 1;
				DEBUG_INFORMATION_FORMAT = dwarf;
				ENABLE_STRICT_OBJC_MSGSEND = YES;
				ENABLE_TESTABILITY = YES;
				GCC_C_LANGUAGE_STANDARD = gnu11;
				GCC_DYNAMIC_NO_PIC = NO;
				GCC_NO_COMMON_BLOCKS = YES;
				GCC_OPTIMIZATION_LEVEL = 0;
				GCC_PREPROCESSOR_DEFINITIONS = (
					"DEBUG=1",
					"$(inherited)",
				);
				GCC_WARN_64_TO_32_BIT_CONVERSION = YES;
				GCC_WARN_ABOUT_RETURN_TYPE = YES_ERROR;
				GCC_WARN_UNDECLARED_SELECTOR = YES;
				GCC_WARN_UNINITIALIZED_AUTOS = YES_AGGRESSIVE;
				GCC_WARN_UNUSED_FUNCTION = YES;
				GCC_WARN_UNUSED_VARIABLE = YES;
				IPHONEOS_DEPLOYMENT_TARGET = 16.4;
				MTL_ENABLE_DEBUG_INFO = INCLUDE_SOURCE;
				MTL_FAST_MATH = YES;
				ONLY_ACTIVE_ARCH = YES;
				SDKROOT = iphoneos;
				SWIFT_ACTIVE_COMPILATION_CONDITIONS = DEBUG;
				SWIFT_OPTIMIZATION_LEVEL = "-Onone";
				VERSIONING_SYSTEM = "apple-generic";
				VERSION_INFO_PREFIX = "";
			};
			name = Debug;
		};
		ABF7BA642AB97D6F0004626D /* Release */ = {
			isa = XCBuildConfiguration;
			buildSettings = {
				ALWAYS_SEARCH_USER_PATHS = NO;
				CLANG_ANALYZER_NONNULL = YES;
				CLANG_ANALYZER_NUMBER_OBJECT_CONVERSION = YES_AGGRESSIVE;
				CLANG_CXX_LANGUAGE_STANDARD = "gnu++20";
				CLANG_ENABLE_MODULES = YES;
				CLANG_ENABLE_OBJC_ARC = YES;
				CLANG_ENABLE_OBJC_WEAK = YES;
				CLANG_WARN_BLOCK_CAPTURE_AUTORELEASING = YES;
				CLANG_WARN_BOOL_CONVERSION = YES;
				CLANG_WARN_COMMA = YES;
				CLANG_WARN_CONSTANT_CONVERSION = YES;
				CLANG_WARN_DEPRECATED_OBJC_IMPLEMENTATIONS = YES;
				CLANG_WARN_DIRECT_OBJC_ISA_USAGE = YES_ERROR;
				CLANG_WARN_DOCUMENTATION_COMMENTS = YES;
				CLANG_WARN_EMPTY_BODY = YES;
				CLANG_WARN_ENUM_CONVERSION = YES;
				CLANG_WARN_INFINITE_RECURSION = YES;
				CLANG_WARN_INT_CONVERSION = YES;
				CLANG_WARN_NON_LITERAL_NULL_CONVERSION = YES;
				CLANG_WARN_OBJC_IMPLICIT_RETAIN_SELF = YES;
				CLANG_WARN_OBJC_LITERAL_CONVERSION = YES;
				CLANG_WARN_OBJC_ROOT_CLASS = YES_ERROR;
				CLANG_WARN_QUOTED_INCLUDE_IN_FRAMEWORK_HEADER = YES;
				CLANG_WARN_RANGE_LOOP_ANALYSIS = YES;
				CLANG_WARN_STRICT_PROTOTYPES = YES;
				CLANG_WARN_SUSPICIOUS_MOVE = YES;
				CLANG_WARN_UNGUARDED_AVAILABILITY = YES_AGGRESSIVE;
				CLANG_WARN_UNREACHABLE_CODE = YES;
				CLANG_WARN__DUPLICATE_METHOD_MATCH = YES;
				COPY_PHASE_STRIP = NO;
				CURRENT_PROJECT_VERSION = 1;
				DEBUG_INFORMATION_FORMAT = "dwarf-with-dsym";
				ENABLE_NS_ASSERTIONS = NO;
				ENABLE_STRICT_OBJC_MSGSEND = YES;
				GCC_C_LANGUAGE_STANDARD = gnu11;
				GCC_NO_COMMON_BLOCKS = YES;
				GCC_WARN_64_TO_32_BIT_CONVERSION = YES;
				GCC_WARN_ABOUT_RETURN_TYPE = YES_ERROR;
				GCC_WARN_UNDECLARED_SELECTOR = YES;
				GCC_WARN_UNINITIALIZED_AUTOS = YES_AGGRESSIVE;
				GCC_WARN_UNUSED_FUNCTION = YES;
				GCC_WARN_UNUSED_VARIABLE = YES;
				IPHONEOS_DEPLOYMENT_TARGET = 16.4;
				MTL_ENABLE_DEBUG_INFO = NO;
				MTL_FAST_MATH = YES;
				SDKROOT = iphoneos;
				SWIFT_COMPILATION_MODE = wholemodule;
				SWIFT_OPTIMIZATION_LEVEL = "-O";
				VALIDATE_PRODUCT = YES;
				VERSIONING_SYSTEM = "apple-generic";
				VERSION_INFO_PREFIX = "";
			};
			name = Release;
		};
		ABF7BA662AB97D6F0004626D /* Debug */ = {
			isa = XCBuildConfiguration;
			buildSettings = {
				CODE_SIGN_STYLE = Automatic;
				CURRENT_PROJECT_VERSION = 1;
				DEFINES_MODULE = YES;
				DYLIB_COMPATIBILITY_VERSION = 1;
				DYLIB_CURRENT_VERSION = 1;
				DYLIB_INSTALL_NAME_BASE = "@rpath";
				ENABLE_MODULE_VERIFIER = YES;
				GENERATE_INFOPLIST_FILE = YES;
				INFOPLIST_KEY_NSHumanReadableCopyright = "";
				INSTALL_PATH = "$(LOCAL_LIBRARY_DIR)/Frameworks";
				IPHONEOS_DEPLOYMENT_TARGET = 15.0;
				LD_RUNPATH_SEARCH_PATHS = (
					"$(inherited)",
					"@executable_path/Frameworks",
					"@loader_path/Frameworks",
				);
				MARKETING_VERSION = 1.0;
				MODULE_VERIFIER_SUPPORTED_LANGUAGES = "objective-c objective-c++";
				MODULE_VERIFIER_SUPPORTED_LANGUAGE_STANDARDS = "gnu11 gnu++20";
				PRODUCT_BUNDLE_IDENTIFIER = "-.NetworkCervice";
				PRODUCT_NAME = "$(TARGET_NAME:c99extidentifier)";
				SKIP_INSTALL = YES;
				SWIFT_EMIT_LOC_STRINGS = YES;
				SWIFT_VERSION = 5.0;
				TARGETED_DEVICE_FAMILY = "1,2";
			};
			name = Debug;
		};
		ABF7BA672AB97D6F0004626D /* Release */ = {
			isa = XCBuildConfiguration;
			buildSettings = {
				CODE_SIGN_STYLE = Automatic;
				CURRENT_PROJECT_VERSION = 1;
				DEFINES_MODULE = YES;
				DYLIB_COMPATIBILITY_VERSION = 1;
				DYLIB_CURRENT_VERSION = 1;
				DYLIB_INSTALL_NAME_BASE = "@rpath";
				ENABLE_MODULE_VERIFIER = YES;
				GENERATE_INFOPLIST_FILE = YES;
				INFOPLIST_KEY_NSHumanReadableCopyright = "";
				INSTALL_PATH = "$(LOCAL_LIBRARY_DIR)/Frameworks";
				IPHONEOS_DEPLOYMENT_TARGET = 15.0;
				LD_RUNPATH_SEARCH_PATHS = (
					"$(inherited)",
					"@executable_path/Frameworks",
					"@loader_path/Frameworks",
				);
				MARKETING_VERSION = 1.0;
				MODULE_VERIFIER_SUPPORTED_LANGUAGES = "objective-c objective-c++";
				MODULE_VERIFIER_SUPPORTED_LANGUAGE_STANDARDS = "gnu11 gnu++20";
				PRODUCT_BUNDLE_IDENTIFIER = "-.NetworkCervice";
				PRODUCT_NAME = "$(TARGET_NAME:c99extidentifier)";
				SKIP_INSTALL = YES;
				SWIFT_EMIT_LOC_STRINGS = YES;
				SWIFT_VERSION = 5.0;
				TARGETED_DEVICE_FAMILY = "1,2";
			};
			name = Release;
		};
		ABF7BA692AB97D6F0004626D /* Debug */ = {
			isa = XCBuildConfiguration;
			buildSettings = {
				CODE_SIGN_STYLE = Automatic;
				CURRENT_PROJECT_VERSION = 1;
				GENERATE_INFOPLIST_FILE = YES;
				MARKETING_VERSION = 1.0;
				PRODUCT_BUNDLE_IDENTIFIER = "-.NetworkCerviceTests";
				PRODUCT_NAME = "$(TARGET_NAME)";
				SWIFT_EMIT_LOC_STRINGS = NO;
				SWIFT_VERSION = 5.0;
				TARGETED_DEVICE_FAMILY = "1,2";
			};
			name = Debug;
		};
		ABF7BA6A2AB97D6F0004626D /* Release */ = {
			isa = XCBuildConfiguration;
			buildSettings = {
				CODE_SIGN_STYLE = Automatic;
				CURRENT_PROJECT_VERSION = 1;
				GENERATE_INFOPLIST_FILE = YES;
				MARKETING_VERSION = 1.0;
				PRODUCT_BUNDLE_IDENTIFIER = "-.NetworkCerviceTests";
				PRODUCT_NAME = "$(TARGET_NAME)";
				SWIFT_EMIT_LOC_STRINGS = NO;
				SWIFT_VERSION = 5.0;
				TARGETED_DEVICE_FAMILY = "1,2";
			};
			name = Release;
		};
/* End XCBuildConfiguration section */

/* Begin XCConfigurationList section */
		ABF7BA4B2AB97D6F0004626D /* Build configuration list for PBXProject "NetworkCervice" */ = {
			isa = XCConfigurationList;
			buildConfigurations = (
				ABF7BA632AB97D6F0004626D /* Debug */,
				ABF7BA642AB97D6F0004626D /* Release */,
			);
			defaultConfigurationIsVisible = 0;
			defaultConfigurationName = Release;
		};
		ABF7BA652AB97D6F0004626D /* Build configuration list for PBXNativeTarget "NetworkCervice" */ = {
			isa = XCConfigurationList;
			buildConfigurations = (
				ABF7BA662AB97D6F0004626D /* Debug */,
				ABF7BA672AB97D6F0004626D /* Release */,
			);
			defaultConfigurationIsVisible = 0;
			defaultConfigurationName = Release;
		};
		ABF7BA682AB97D6F0004626D /* Build configuration list for PBXNativeTarget "NetworkCerviceTests" */ = {
			isa = XCConfigurationList;
			buildConfigurations = (
				ABF7BA692AB97D6F0004626D /* Debug */,
				ABF7BA6A2AB97D6F0004626D /* Release */,
			);
			defaultConfigurationIsVisible = 0;
			defaultConfigurationName = Release;
		};
/* End XCConfigurationList section */
	};
	rootObject = ABF7BA482AB97D6F0004626D /* Project object */;
}
