// !$*UTF8*$!
{
	archiveVersion = 1;
	classes = {
	};
	objectVersion = 56;
	objects = {

/* Begin PBXBuildFile section */
		AB8F16072AAA52BB0020FB98 /* AppDelegate.swift in Sources */ = {isa = PBXBuildFile; fileRef = AB8F16062AAA52BB0020FB98 /* AppDelegate.swift */; };
		AB8F16092AAA52BB0020FB98 /* SceneDelegate.swift in Sources */ = {isa = PBXBuildFile; fileRef = AB8F16082AAA52BB0020FB98 /* SceneDelegate.swift */; };
		AB8F160B2AAA52BB0020FB98 /* ViewController.swift in Sources */ = {isa = PBXBuildFile; fileRef = AB8F160A2AAA52BB0020FB98 /* ViewController.swift */; };
		AB8F160E2AAA52BB0020FB98 /* Main.storyboard in Resources */ = {isa = PBXBuildFile; fileRef = AB8F160C2AAA52BB0020FB98 /* Main.storyboard */; };
		AB8F16102AAA52BD0020FB98 /* Assets.xcassets in Resources */ = {isa = PBXBuildFile; fileRef = AB8F160F2AAA52BD0020FB98 /* Assets.xcassets */; };
		AB8F16132AAA52BD0020FB98 /* LaunchScreen.storyboard in Resources */ = {isa = PBXBuildFile; fileRef = AB8F16112AAA52BD0020FB98 /* LaunchScreen.storyboard */; };
		AB8F16212AAA539C0020FB98 /* Repository.swift in Sources */ = {isa = PBXBuildFile; fileRef = AB8F161E2AAA539C0020FB98 /* Repository.swift */; };
		AB8F16222AAA539C0020FB98 /* NetworkEngine.swift in Sources */ = {isa = PBXBuildFile; fileRef = AB8F161F2AAA539C0020FB98 /* NetworkEngine.swift */; };
		AB8F16232AAA539C0020FB98 /* EndpointsProtocol.swift in Sources */ = {isa = PBXBuildFile; fileRef = AB8F16202AAA539C0020FB98 /* EndpointsProtocol.swift */; };
		AB8F16272AAA53AA0020FB98 /* StrategyModel.swift in Sources */ = {isa = PBXBuildFile; fileRef = AB8F16252AAA53AA0020FB98 /* StrategyModel.swift */; };
		AB8F16282AAA53AA0020FB98 /* StrategyEndpoint.swift in Sources */ = {isa = PBXBuildFile; fileRef = AB8F16262AAA53AA0020FB98 /* StrategyEndpoint.swift */; };
		AB8F162B2AAA54120020FB98 /* ServiceStatus.swift in Sources */ = {isa = PBXBuildFile; fileRef = AB8F162A2AAA54120020FB98 /* ServiceStatus.swift */; };
		AB8F162D2AAA54220020FB98 /* ServiceStatusEndpoint.swift in Sources */ = {isa = PBXBuildFile; fileRef = AB8F162C2AAA54220020FB98 /* ServiceStatusEndpoint.swift */; };
		AB8F16302AAA5C110020FB98 /* RandomFilmModel.swift in Sources */ = {isa = PBXBuildFile; fileRef = AB8F162F2AAA5C110020FB98 /* RandomFilmModel.swift */; };
		AB8F16322AAA5C210020FB98 /* RandomFilmEndpoint.swift in Sources */ = {isa = PBXBuildFile; fileRef = AB8F16312AAA5C210020FB98 /* RandomFilmEndpoint.swift */; };
		AB8F16352AAB0B050020FB98 /* RequestTracker.swift in Sources */ = {isa = PBXBuildFile; fileRef = AB8F16342AAB0B050020FB98 /* RequestTracker.swift */; };
		AB8F16372AAB0C740020FB98 /* UserDefaultsManager.swift in Sources */ = {isa = PBXBuildFile; fileRef = AB8F16362AAB0C740020FB98 /* UserDefaultsManager.swift */; };
/* End PBXBuildFile section */

/* Begin PBXFileReference section */
		AB8F16032AAA52BB0020FB98 /* KinoMaker.app */ = {isa = PBXFileReference; explicitFileType = wrapper.application; includeInIndex = 0; path = KinoMaker.app; sourceTree = BUILT_PRODUCTS_DIR; };
		AB8F16062AAA52BB0020FB98 /* AppDelegate.swift */ = {isa = PBXFileReference; lastKnownFileType = sourcecode.swift; path = AppDelegate.swift; sourceTree = "<group>"; };
		AB8F16082AAA52BB0020FB98 /* SceneDelegate.swift */ = {isa = PBXFileReference; lastKnownFileType = sourcecode.swift; path = SceneDelegate.swift; sourceTree = "<group>"; };
		AB8F160A2AAA52BB0020FB98 /* ViewController.swift */ = {isa = PBXFileReference; lastKnownFileType = sourcecode.swift; path = ViewController.swift; sourceTree = "<group>"; };
		AB8F160D2AAA52BB0020FB98 /* Base */ = {isa = PBXFileReference; lastKnownFileType = file.storyboard; name = Base; path = Base.lproj/Main.storyboard; sourceTree = "<group>"; };
		AB8F160F2AAA52BD0020FB98 /* Assets.xcassets */ = {isa = PBXFileReference; lastKnownFileType = folder.assetcatalog; path = Assets.xcassets; sourceTree = "<group>"; };
		AB8F16122AAA52BD0020FB98 /* Base */ = {isa = PBXFileReference; lastKnownFileType = file.storyboard; name = Base; path = Base.lproj/LaunchScreen.storyboard; sourceTree = "<group>"; };
		AB8F16142AAA52BD0020FB98 /* Info.plist */ = {isa = PBXFileReference; lastKnownFileType = text.plist.xml; path = Info.plist; sourceTree = "<group>"; };
		AB8F161E2AAA539C0020FB98 /* Repository.swift */ = {isa = PBXFileReference; fileEncoding = 4; lastKnownFileType = sourcecode.swift; path = Repository.swift; sourceTree = "<group>"; };
		AB8F161F2AAA539C0020FB98 /* NetworkEngine.swift */ = {isa = PBXFileReference; fileEncoding = 4; lastKnownFileType = sourcecode.swift; path = NetworkEngine.swift; sourceTree = "<group>"; };
		AB8F16202AAA539C0020FB98 /* EndpointsProtocol.swift */ = {isa = PBXFileReference; fileEncoding = 4; lastKnownFileType = sourcecode.swift; path = EndpointsProtocol.swift; sourceTree = "<group>"; };
		AB8F16252AAA53AA0020FB98 /* StrategyModel.swift */ = {isa = PBXFileReference; fileEncoding = 4; lastKnownFileType = sourcecode.swift; path = StrategyModel.swift; sourceTree = "<group>"; };
		AB8F16262AAA53AA0020FB98 /* StrategyEndpoint.swift */ = {isa = PBXFileReference; fileEncoding = 4; lastKnownFileType = sourcecode.swift; path = StrategyEndpoint.swift; sourceTree = "<group>"; };
		AB8F162A2AAA54120020FB98 /* ServiceStatus.swift */ = {isa = PBXFileReference; lastKnownFileType = sourcecode.swift; path = ServiceStatus.swift; sourceTree = "<group>"; };
		AB8F162C2AAA54220020FB98 /* ServiceStatusEndpoint.swift */ = {isa = PBXFileReference; lastKnownFileType = sourcecode.swift; path = ServiceStatusEndpoint.swift; sourceTree = "<group>"; };
		AB8F162F2AAA5C110020FB98 /* RandomFilmModel.swift */ = {isa = PBXFileReference; lastKnownFileType = sourcecode.swift; path = RandomFilmModel.swift; sourceTree = "<group>"; };
		AB8F16312AAA5C210020FB98 /* RandomFilmEndpoint.swift */ = {isa = PBXFileReference; lastKnownFileType = sourcecode.swift; path = RandomFilmEndpoint.swift; sourceTree = "<group>"; };
		AB8F16342AAB0B050020FB98 /* RequestTracker.swift */ = {isa = PBXFileReference; lastKnownFileType = sourcecode.swift; path = RequestTracker.swift; sourceTree = "<group>"; };
		AB8F16362AAB0C740020FB98 /* UserDefaultsManager.swift */ = {isa = PBXFileReference; lastKnownFileType = sourcecode.swift; path = UserDefaultsManager.swift; sourceTree = "<group>"; };
/* End PBXFileReference section */

/* Begin PBXFrameworksBuildPhase section */
		AB8F16002AAA52BB0020FB98 /* Frameworks */ = {
			isa = PBXFrameworksBuildPhase;
			buildActionMask = 2147483647;
			files = (
			);
			runOnlyForDeploymentPostprocessing = 0;
		};
/* End PBXFrameworksBuildPhase section */

/* Begin PBXGroup section */
		AB8F15FA2AAA52BB0020FB98 = {
			isa = PBXGroup;
			children = (
				AB8F16052AAA52BB0020FB98 /* KinoMaker */,
				AB8F16042AAA52BB0020FB98 /* Products */,
			);
			sourceTree = "<group>";
		};
		AB8F16042AAA52BB0020FB98 /* Products */ = {
			isa = PBXGroup;
			children = (
				AB8F16032AAA52BB0020FB98 /* KinoMaker.app */,
			);
			name = Products;
			sourceTree = "<group>";
		};
		AB8F16052AAA52BB0020FB98 /* KinoMaker */ = {
			isa = PBXGroup;
			children = (
				AB8F161B2AAA52ED0020FB98 /* App */,
				AB8F160A2AAA52BB0020FB98 /* ViewController.swift */,
				AB8F16332AAB0AEB0020FB98 /* RequestTracker */,
				AB8F161C2AAA53340020FB98 /* NetworkLayer */,
				AB8F161A2AAA52D90020FB98 /* SupportFiles */,
			);
			path = KinoMaker;
			sourceTree = "<group>";
		};
		AB8F161A2AAA52D90020FB98 /* SupportFiles */ = {
			isa = PBXGroup;
			children = (
				AB8F160C2AAA52BB0020FB98 /* Main.storyboard */,
				AB8F160F2AAA52BD0020FB98 /* Assets.xcassets */,
				AB8F16112AAA52BD0020FB98 /* LaunchScreen.storyboard */,
				AB8F16142AAA52BD0020FB98 /* Info.plist */,
				AB8F16362AAB0C740020FB98 /* UserDefaultsManager.swift */,
			);
			name = SupportFiles;
			sourceTree = "<group>";
		};
		AB8F161B2AAA52ED0020FB98 /* App */ = {
			isa = PBXGroup;
			children = (
				AB8F16062AAA52BB0020FB98 /* AppDelegate.swift */,
				AB8F16082AAA52BB0020FB98 /* SceneDelegate.swift */,
			);
			name = App;
			sourceTree = "<group>";
		};
		AB8F161C2AAA53340020FB98 /* NetworkLayer */ = {
			isa = PBXGroup;
			children = (
				AB8F162E2AAA5BF00020FB98 /* RandomFilmModel */,
				AB8F16292AAA53F40020FB98 /* ServiceStatusModel */,
				AB8F161D2AAA539C0020FB98 /* Core */,
				AB8F16242AAA53AA0020FB98 /* StrategyModel */,
			);
			name = NetworkLayer;
			sourceTree = "<group>";
		};
		AB8F161D2AAA539C0020FB98 /* Core */ = {
			isa = PBXGroup;
			children = (
				AB8F161E2AAA539C0020FB98 /* Repository.swift */,
				AB8F161F2AAA539C0020FB98 /* NetworkEngine.swift */,
				AB8F16202AAA539C0020FB98 /* EndpointsProtocol.swift */,
			);
			path = Core;
			sourceTree = "<group>";
		};
		AB8F16242AAA53AA0020FB98 /* StrategyModel */ = {
			isa = PBXGroup;
			children = (
				AB8F16252AAA53AA0020FB98 /* StrategyModel.swift */,
				AB8F16262AAA53AA0020FB98 /* StrategyEndpoint.swift */,
			);
			path = StrategyModel;
			sourceTree = "<group>";
		};
		AB8F16292AAA53F40020FB98 /* ServiceStatusModel */ = {
			isa = PBXGroup;
			children = (
				AB8F162A2AAA54120020FB98 /* ServiceStatus.swift */,
				AB8F162C2AAA54220020FB98 /* ServiceStatusEndpoint.swift */,
			);
			path = ServiceStatusModel;
			sourceTree = "<group>";
		};
		AB8F162E2AAA5BF00020FB98 /* RandomFilmModel */ = {
			isa = PBXGroup;
			children = (
				AB8F162F2AAA5C110020FB98 /* RandomFilmModel.swift */,
				AB8F16312AAA5C210020FB98 /* RandomFilmEndpoint.swift */,
			);
			path = RandomFilmModel;
			sourceTree = "<group>";
		};
		AB8F16332AAB0AEB0020FB98 /* RequestTracker */ = {
			isa = PBXGroup;
			children = (
				AB8F16342AAB0B050020FB98 /* RequestTracker.swift */,
			);
			name = RequestTracker;
			sourceTree = "<group>";
		};
/* End PBXGroup section */

/* Begin PBXNativeTarget section */
		AB8F16022AAA52BB0020FB98 /* KinoMaker */ = {
			isa = PBXNativeTarget;
			buildConfigurationList = AB8F16172AAA52BD0020FB98 /* Build configuration list for PBXNativeTarget "KinoMaker" */;
			buildPhases = (
				AB8F15FF2AAA52BB0020FB98 /* Sources */,
				AB8F16002AAA52BB0020FB98 /* Frameworks */,
				AB8F16012AAA52BB0020FB98 /* Resources */,
			);
			buildRules = (
			);
			dependencies = (
			);
			name = KinoMaker;
			productName = KinoMaker;
			productReference = AB8F16032AAA52BB0020FB98 /* KinoMaker.app */;
			productType = "com.apple.product-type.application";
		};
/* End PBXNativeTarget section */

/* Begin PBXProject section */
		AB8F15FB2AAA52BB0020FB98 /* Project object */ = {
			isa = PBXProject;
			attributes = {
				BuildIndependentTargetsInParallel = 1;
				LastSwiftUpdateCheck = 1430;
				LastUpgradeCheck = 1430;
				TargetAttributes = {
					AB8F16022AAA52BB0020FB98 = {
						CreatedOnToolsVersion = 14.3.1;
					};
				};
			};
			buildConfigurationList = AB8F15FE2AAA52BB0020FB98 /* Build configuration list for PBXProject "KinoMaker" */;
			compatibilityVersion = "Xcode 14.0";
			developmentRegion = en;
			hasScannedForEncodings = 0;
			knownRegions = (
				en,
				Base,
			);
			mainGroup = AB8F15FA2AAA52BB0020FB98;
			productRefGroup = AB8F16042AAA52BB0020FB98 /* Products */;
			projectDirPath = "";
			projectRoot = "";
			targets = (
				AB8F16022AAA52BB0020FB98 /* KinoMaker */,
			);
		};
/* End PBXProject section */

/* Begin PBXResourcesBuildPhase section */
		AB8F16012AAA52BB0020FB98 /* Resources */ = {
			isa = PBXResourcesBuildPhase;
			buildActionMask = 2147483647;
			files = (
				AB8F16132AAA52BD0020FB98 /* LaunchScreen.storyboard in Resources */,
				AB8F16102AAA52BD0020FB98 /* Assets.xcassets in Resources */,
				AB8F160E2AAA52BB0020FB98 /* Main.storyboard in Resources */,
			);
			runOnlyForDeploymentPostprocessing = 0;
		};
/* End PBXResourcesBuildPhase section */

/* Begin PBXSourcesBuildPhase section */
		AB8F15FF2AAA52BB0020FB98 /* Sources */ = {
			isa = PBXSourcesBuildPhase;
			buildActionMask = 2147483647;
			files = (
				AB8F16232AAA539C0020FB98 /* EndpointsProtocol.swift in Sources */,
				AB8F16322AAA5C210020FB98 /* RandomFilmEndpoint.swift in Sources */,
				AB8F160B2AAA52BB0020FB98 /* ViewController.swift in Sources */,
				AB8F16302AAA5C110020FB98 /* RandomFilmModel.swift in Sources */,
				AB8F162D2AAA54220020FB98 /* ServiceStatusEndpoint.swift in Sources */,
				AB8F16222AAA539C0020FB98 /* NetworkEngine.swift in Sources */,
				AB8F16352AAB0B050020FB98 /* RequestTracker.swift in Sources */,
				AB8F16072AAA52BB0020FB98 /* AppDelegate.swift in Sources */,
				AB8F162B2AAA54120020FB98 /* ServiceStatus.swift in Sources */,
				AB8F16092AAA52BB0020FB98 /* SceneDelegate.swift in Sources */,
				AB8F16372AAB0C740020FB98 /* UserDefaultsManager.swift in Sources */,
				AB8F16282AAA53AA0020FB98 /* StrategyEndpoint.swift in Sources */,
				AB8F16272AAA53AA0020FB98 /* StrategyModel.swift in Sources */,
				AB8F16212AAA539C0020FB98 /* Repository.swift in Sources */,
			);
			runOnlyForDeploymentPostprocessing = 0;
		};
/* End PBXSourcesBuildPhase section */

/* Begin PBXVariantGroup section */
		AB8F160C2AAA52BB0020FB98 /* Main.storyboard */ = {
			isa = PBXVariantGroup;
			children = (
				AB8F160D2AAA52BB0020FB98 /* Base */,
			);
			name = Main.storyboard;
			sourceTree = "<group>";
		};
		AB8F16112AAA52BD0020FB98 /* LaunchScreen.storyboard */ = {
			isa = PBXVariantGroup;
			children = (
				AB8F16122AAA52BD0020FB98 /* Base */,
			);
			name = LaunchScreen.storyboard;
			sourceTree = "<group>";
		};
/* End PBXVariantGroup section */

/* Begin XCBuildConfiguration section */
		AB8F16152AAA52BD0020FB98 /* Debug */ = {
			isa = XCBuildConfiguration;
			buildSettings = {
				ALWAYS_SEARCH_USER_PATHS = NO;
				CLANG_ANALYZER_NONNULL = YES;
				CLANG_ANALYZER_NUMBER_OBJECT_CONVERSION = YES_AGGRESSIVE;
				CLANG_CXX_LANGUAGE_STANDARD = "gnu++20";
				CLANG_ENABLE_MODULES = YES;
				CLANG_ENABLE_OBJC_ARC = YES;
				CLANG_ENABLE_OBJC_WEAK = YES;
				CLANG_WARN_BLOCK_CAPTURE_AUTORELEASING = YES;
				CLANG_WARN_BOOL_CONVERSION = YES;
				CLANG_WARN_COMMA = YES;
				CLANG_WARN_CONSTANT_CONVERSION = YES;
				CLANG_WARN_DEPRECATED_OBJC_IMPLEMENTATIONS = YES;
				CLANG_WARN_DIRECT_OBJC_ISA_USAGE = YES_ERROR;
				CLANG_WARN_DOCUMENTATION_COMMENTS = YES;
				CLANG_WARN_EMPTY_BODY = YES;
				CLANG_WARN_ENUM_CONVERSION = YES;
				CLANG_WARN_INFINITE_RECURSION = YES;
				CLANG_WARN_INT_CONVERSION = YES;
				CLANG_WARN_NON_LITERAL_NULL_CONVERSION = YES;
				CLANG_WARN_OBJC_IMPLICIT_RETAIN_SELF = YES;
				CLANG_WARN_OBJC_LITERAL_CONVERSION = YES;
				CLANG_WARN_OBJC_ROOT_CLASS = YES_ERROR;
				CLANG_WARN_QUOTED_INCLUDE_IN_FRAMEWORK_HEADER = YES;
				CLANG_WARN_RANGE_LOOP_ANALYSIS = YES;
				CLANG_WARN_STRICT_PROTOTYPES = YES;
				CLANG_WARN_SUSPICIOUS_MOVE = YES;
				CLANG_WARN_UNGUARDED_AVAILABILITY = YES_AGGRESSIVE;
				CLANG_WARN_UNREACHABLE_CODE = YES;
				CLANG_WARN__DUPLICATE_METHOD_MATCH = YES;
				COPY_PHASE_STRIP = NO;
				DEBUG_INFORMATION_FORMAT = dwarf;
				ENABLE_STRICT_OBJC_MSGSEND = YES;
				ENABLE_TESTABILITY = YES;
				GCC_C_LANGUAGE_STANDARD = gnu11;
				GCC_DYNAMIC_NO_PIC = NO;
				GCC_NO_COMMON_BLOCKS = YES;
				GCC_OPTIMIZATION_LEVEL = 0;
				GCC_PREPROCESSOR_DEFINITIONS = (
					"DEBUG=1",
					"$(inherited)",
				);
				GCC_WARN_64_TO_32_BIT_CONVERSION = YES;
				GCC_WARN_ABOUT_RETURN_TYPE = YES_ERROR;
				GCC_WARN_UNDECLARED_SELECTOR = YES;
				GCC_WARN_UNINITIALIZED_AUTOS = YES_AGGRESSIVE;
				GCC_WARN_UNUSED_FUNCTION = YES;
				GCC_WARN_UNUSED_VARIABLE = YES;
				IPHONEOS_DEPLOYMENT_TARGET = 16.4;
				MTL_ENABLE_DEBUG_INFO = INCLUDE_SOURCE;
				MTL_FAST_MATH = YES;
				ONLY_ACTIVE_ARCH = YES;
				SDKROOT = iphoneos;
				SWIFT_ACTIVE_COMPILATION_CONDITIONS = DEBUG;
				SWIFT_OPTIMIZATION_LEVEL = "-Onone";
			};
			name = Debug;
		};
		AB8F16162AAA52BD0020FB98 /* Release */ = {
			isa = XCBuildConfiguration;
			buildSettings = {
				ALWAYS_SEARCH_USER_PATHS = NO;
				CLANG_ANALYZER_NONNULL = YES;
				CLANG_ANALYZER_NUMBER_OBJECT_CONVERSION = YES_AGGRESSIVE;
				CLANG_CXX_LANGUAGE_STANDARD = "gnu++20";
				CLANG_ENABLE_MODULES = YES;
				CLANG_ENABLE_OBJC_ARC = YES;
				CLANG_ENABLE_OBJC_WEAK = YES;
				CLANG_WARN_BLOCK_CAPTURE_AUTORELEASING = YES;
				CLANG_WARN_BOOL_CONVERSION = YES;
				CLANG_WARN_COMMA = YES;
				CLANG_WARN_CONSTANT_CONVERSION = YES;
				CLANG_WARN_DEPRECATED_OBJC_IMPLEMENTATIONS = YES;
				CLANG_WARN_DIRECT_OBJC_ISA_USAGE = YES_ERROR;
				CLANG_WARN_DOCUMENTATION_COMMENTS = YES;
				CLANG_WARN_EMPTY_BODY = YES;
				CLANG_WARN_ENUM_CONVERSION = YES;
				CLANG_WARN_INFINITE_RECURSION = YES;
				CLANG_WARN_INT_CONVERSION = YES;
				CLANG_WARN_NON_LITERAL_NULL_CONVERSION = YES;
				CLANG_WARN_OBJC_IMPLICIT_RETAIN_SELF = YES;
				CLANG_WARN_OBJC_LITERAL_CONVERSION = YES;
				CLANG_WARN_OBJC_ROOT_CLASS = YES_ERROR;
				CLANG_WARN_QUOTED_INCLUDE_IN_FRAMEWORK_HEADER = YES;
				CLANG_WARN_RANGE_LOOP_ANALYSIS = YES;
				CLANG_WARN_STRICT_PROTOTYPES = YES;
				CLANG_WARN_SUSPICIOUS_MOVE = YES;
				CLANG_WARN_UNGUARDED_AVAILABILITY = YES_AGGRESSIVE;
				CLANG_WARN_UNREACHABLE_CODE = YES;
				CLANG_WARN__DUPLICATE_METHOD_MATCH = YES;
				COPY_PHASE_STRIP = NO;
				DEBUG_INFORMATION_FORMAT = "dwarf-with-dsym";
				ENABLE_NS_ASSERTIONS = NO;
				ENABLE_STRICT_OBJC_MSGSEND = YES;
				GCC_C_LANGUAGE_STANDARD = gnu11;
				GCC_NO_COMMON_BLOCKS = YES;
				GCC_WARN_64_TO_32_BIT_CONVERSION = YES;
				GCC_WARN_ABOUT_RETURN_TYPE = YES_ERROR;
				GCC_WARN_UNDECLARED_SELECTOR = YES;
				GCC_WARN_UNINITIALIZED_AUTOS = YES_AGGRESSIVE;
				GCC_WARN_UNUSED_FUNCTION = YES;
				GCC_WARN_UNUSED_VARIABLE = YES;
				IPHONEOS_DEPLOYMENT_TARGET = 16.4;
				MTL_ENABLE_DEBUG_INFO = NO;
				MTL_FAST_MATH = YES;
				SDKROOT = iphoneos;
				SWIFT_COMPILATION_MODE = wholemodule;
				SWIFT_OPTIMIZATION_LEVEL = "-O";
				VALIDATE_PRODUCT = YES;
			};
			name = Release;
		};
		AB8F16182AAA52BD0020FB98 /* Debug */ = {
			isa = XCBuildConfiguration;
			buildSettings = {
				ASSETCATALOG_COMPILER_APPICON_NAME = AppIcon;
				ASSETCATALOG_COMPILER_GLOBAL_ACCENT_COLOR_NAME = AccentColor;
				CODE_SIGN_STYLE = Automatic;
				CURRENT_PROJECT_VERSION = 1;
				GENERATE_INFOPLIST_FILE = YES;
				INFOPLIST_FILE = KinoMaker/Info.plist;
				INFOPLIST_KEY_UIApplicationSupportsIndirectInputEvents = YES;
				INFOPLIST_KEY_UILaunchStoryboardName = LaunchScreen;
				INFOPLIST_KEY_UIMainStoryboardFile = Main;
				INFOPLIST_KEY_UISupportedInterfaceOrientations = UIInterfaceOrientationPortrait;
				INFOPLIST_KEY_UISupportedInterfaceOrientations_iPad = "UIInterfaceOrientationLandscapeLeft UIInterfaceOrientationLandscapeRight UIInterfaceOrientationPortrait UIInterfaceOrientationPortraitUpsideDown";
				IPHONEOS_DEPLOYMENT_TARGET = 15.0;
				LD_RUNPATH_SEARCH_PATHS = (
					"$(inherited)",
					"@executable_path/Frameworks",
				);
				MARKETING_VERSION = 1.0;
				PRODUCT_BUNDLE_IDENTIFIER = "-.KinoMaker";
				PRODUCT_NAME = "$(TARGET_NAME)";
				SUPPORTED_PLATFORMS = "iphoneos iphonesimulator";
				SUPPORTS_MACCATALYST = NO;
				SUPPORTS_MAC_DESIGNED_FOR_IPHONE_IPAD = NO;
				SWIFT_EMIT_LOC_STRINGS = YES;
				SWIFT_VERSION = 5.0;
				TARGETED_DEVICE_FAMILY = 1;
			};
			name = Debug;
		};
		AB8F16192AAA52BD0020FB98 /* Release */ = {
			isa = XCBuildConfiguration;
			buildSettings = {
				ASSETCATALOG_COMPILER_APPICON_NAME = AppIcon;
				ASSETCATALOG_COMPILER_GLOBAL_ACCENT_COLOR_NAME = AccentColor;
				CODE_SIGN_STYLE = Automatic;
				CURRENT_PROJECT_VERSION = 1;
				GENERATE_INFOPLIST_FILE = YES;
				INFOPLIST_FILE = KinoMaker/Info.plist;
				INFOPLIST_KEY_UIApplicationSupportsIndirectInputEvents = YES;
				INFOPLIST_KEY_UILaunchStoryboardName = LaunchScreen;
				INFOPLIST_KEY_UIMainStoryboardFile = Main;
				INFOPLIST_KEY_UISupportedInterfaceOrientations = UIInterfaceOrientationPortrait;
				INFOPLIST_KEY_UISupportedInterfaceOrientations_iPad = "UIInterfaceOrientationLandscapeLeft UIInterfaceOrientationLandscapeRight UIInterfaceOrientationPortrait UIInterfaceOrientationPortraitUpsideDown";
				IPHONEOS_DEPLOYMENT_TARGET = 15.0;
				LD_RUNPATH_SEARCH_PATHS = (
					"$(inherited)",
					"@executable_path/Frameworks",
				);
				MARKETING_VERSION = 1.0;
				PRODUCT_BUNDLE_IDENTIFIER = "-.KinoMaker";
				PRODUCT_NAME = "$(TARGET_NAME)";
				SUPPORTED_PLATFORMS = "iphoneos iphonesimulator";
				SUPPORTS_MACCATALYST = NO;
				SUPPORTS_MAC_DESIGNED_FOR_IPHONE_IPAD = NO;
				SWIFT_EMIT_LOC_STRINGS = YES;
				SWIFT_VERSION = 5.0;
				TARGETED_DEVICE_FAMILY = 1;
			};
			name = Release;
		};
/* End XCBuildConfiguration section */

/* Begin XCConfigurationList section */
		AB8F15FE2AAA52BB0020FB98 /* Build configuration list for PBXProject "KinoMaker" */ = {
			isa = XCConfigurationList;
			buildConfigurations = (
				AB8F16152AAA52BD0020FB98 /* Debug */,
				AB8F16162AAA52BD0020FB98 /* Release */,
			);
			defaultConfigurationIsVisible = 0;
			defaultConfigurationName = Release;
		};
		AB8F16172AAA52BD0020FB98 /* Build configuration list for PBXNativeTarget "KinoMaker" */ = {
			isa = XCConfigurationList;
			buildConfigurations = (
				AB8F16182AAA52BD0020FB98 /* Debug */,
				AB8F16192AAA52BD0020FB98 /* Release */,
			);
			defaultConfigurationIsVisible = 0;
			defaultConfigurationName = Release;
		};
/* End XCConfigurationList section */
	};
	rootObject = AB8F15FB2AAA52BB0020FB98 /* Project object */;
}
